
Microsoft Visual Studio Solution File, Format Version 12.00
# Visual Studio 14
VisualStudioVersion = 14.0.25420.1
MinimumVisualStudioVersion = 10.0.40219.1
Project("{FAE04EC0-301F-11D3-BF4B-00C04F79EFBC}") = "AdalSample.Droid", "AdalSample\AdalSample.Droid\AdalSample.Droid.csproj", "{27328EEA-E9C0-4EFA-A1AF-4FFFF4F2902A}"
EndProject
Project("{FAE04EC0-301F-11D3-BF4B-00C04F79EFBC}") = "AdalSample.iOS", "AdalSample\AdalSample.iOS\AdalSample.iOS.csproj", "{D351AD4D-89F5-43DF-9456-64DE7DA52515}"
EndProject
Project("{FAE04EC0-301F-11D3-BF4B-00C04F79EFBC}") = "AdalSample.UWP", "AdalSample\AdalSample.UWP\AdalSample.UWP.csproj", "{0E365B46-DF54-4B5C-B13E-CBBDA79C8FD1}"
EndProject
Project("{FAE04EC0-301F-11D3-BF4B-00C04F79EFBC}") = "AdalSample", "AdalSample\AdalSample\AdalSample.csproj", "{90F01249-9BE3-4479-A521-E3333FD71A01}"
EndProject
Project("{FAE04EC0-301F-11D3-BF4B-00C04F79EFBC}") = "AdalSamples.ViewModels", "AdalSamples.ViewModels\AdalSamples.ViewModels.csproj", "{67F9D3A8-F71E-4428-913F-C37AE82CDB24}"
EndProject
Project("{FAE04EC0-301F-11D3-BF4B-00C04F79EFBC}") = "AdalSamples.WebApiClient", "AdalSamples.WebApiClient\AdalSamples.WebApiClient.csproj", "{3FBA4C86-4E0A-4AF6-9A47-D271D3DBA5FB}"
EndProject
Global
	GlobalSection(SolutionConfigurationPlatforms) = preSolution
		Ad-Hoc|Any CPU = Ad-Hoc|Any CPU
		Ad-Hoc|ARM = Ad-Hoc|ARM
		Ad-Hoc|iPhone = Ad-Hoc|iPhone
		Ad-Hoc|iPhoneSimulator = Ad-Hoc|iPhoneSimulator
		Ad-Hoc|x64 = Ad-Hoc|x64
		Ad-Hoc|x86 = Ad-Hoc|x86
		AppStore|Any CPU = AppStore|Any CPU
		AppStore|ARM = AppStore|ARM
		AppStore|iPhone = AppStore|iPhone
		AppStore|iPhoneSimulator = AppStore|iPhoneSimulator
		AppStore|x64 = AppStore|x64
		AppStore|x86 = AppStore|x86
		Debug|Any CPU = Debug|Any CPU
		Debug|ARM = Debug|ARM
		Debug|iPhone = Debug|iPhone
		Debug|iPhoneSimulator = Debug|iPhoneSimulator
		Debug|x64 = Debug|x64
		Debug|x86 = Debug|x86
		Release|Any CPU = Release|Any CPU
		Release|ARM = Release|ARM
		Release|iPhone = Release|iPhone
		Release|iPhoneSimulator = Release|iPhoneSimulator
		Release|x64 = Release|x64
		Release|x86 = Release|x86
	EndGlobalSection
	GlobalSection(ProjectConfigurationPlatforms) = postSolution
		{27328EEA-E9C0-4EFA-A1AF-4FFFF4F2902A}.Ad-Hoc|Any CPU.ActiveCfg = Release|Any CPU
		{27328EEA-E9C0-4EFA-A1AF-4FFFF4F2902A}.Ad-Hoc|Any CPU.Build.0 = Release|Any CPU
		{27328EEA-E9C0-4EFA-A1AF-4FFFF4F2902A}.Ad-Hoc|Any CPU.Deploy.0 = Release|Any CPU
		{27328EEA-E9C0-4EFA-A1AF-4FFFF4F2902A}.Ad-Hoc|ARM.ActiveCfg = Release|Any CPU
		{27328EEA-E9C0-4EFA-A1AF-4FFFF4F2902A}.Ad-Hoc|ARM.Build.0 = Release|Any CPU
		{27328EEA-E9C0-4EFA-A1AF-4FFFF4F2902A}.Ad-Hoc|ARM.Deploy.0 = Release|Any CPU
		{27328EEA-E9C0-4EFA-A1AF-4FFFF4F2902A}.Ad-Hoc|iPhone.ActiveCfg = Release|Any CPU
		{27328EEA-E9C0-4EFA-A1AF-4FFFF4F2902A}.Ad-Hoc|iPhone.Build.0 = Release|Any CPU
		{27328EEA-E9C0-4EFA-A1AF-4FFFF4F2902A}.Ad-Hoc|iPhone.Deploy.0 = Release|Any CPU
		{27328EEA-E9C0-4EFA-A1AF-4FFFF4F2902A}.Ad-Hoc|iPhoneSimulator.ActiveCfg = Release|Any CPU
		{27328EEA-E9C0-4EFA-A1AF-4FFFF4F2902A}.Ad-Hoc|iPhoneSimulator.Build.0 = Release|Any CPU
		{27328EEA-E9C0-4EFA-A1AF-4FFFF4F2902A}.Ad-Hoc|iPhoneSimulator.Deploy.0 = Release|Any CPU
		{27328EEA-E9C0-4EFA-A1AF-4FFFF4F2902A}.Ad-Hoc|x64.ActiveCfg = Release|Any CPU
		{27328EEA-E9C0-4EFA-A1AF-4FFFF4F2902A}.Ad-Hoc|x64.Build.0 = Release|Any CPU
		{27328EEA-E9C0-4EFA-A1AF-4FFFF4F2902A}.Ad-Hoc|x64.Deploy.0 = Release|Any CPU
		{27328EEA-E9C0-4EFA-A1AF-4FFFF4F2902A}.Ad-Hoc|x86.ActiveCfg = Release|Any CPU
		{27328EEA-E9C0-4EFA-A1AF-4FFFF4F2902A}.Ad-Hoc|x86.Build.0 = Release|Any CPU
		{27328EEA-E9C0-4EFA-A1AF-4FFFF4F2902A}.Ad-Hoc|x86.Deploy.0 = Release|Any CPU
		{27328EEA-E9C0-4EFA-A1AF-4FFFF4F2902A}.AppStore|Any CPU.ActiveCfg = Release|Any CPU
		{27328EEA-E9C0-4EFA-A1AF-4FFFF4F2902A}.AppStore|Any CPU.Build.0 = Release|Any CPU
		{27328EEA-E9C0-4EFA-A1AF-4FFFF4F2902A}.AppStore|Any CPU.Deploy.0 = Release|Any CPU
		{27328EEA-E9C0-4EFA-A1AF-4FFFF4F2902A}.AppStore|ARM.ActiveCfg = Release|Any CPU
		{27328EEA-E9C0-4EFA-A1AF-4FFFF4F2902A}.AppStore|ARM.Build.0 = Release|Any CPU
		{27328EEA-E9C0-4EFA-A1AF-4FFFF4F2902A}.AppStore|ARM.Deploy.0 = Release|Any CPU
		{27328EEA-E9C0-4EFA-A1AF-4FFFF4F2902A}.AppStore|iPhone.ActiveCfg = Release|Any CPU
		{27328EEA-E9C0-4EFA-A1AF-4FFFF4F2902A}.AppStore|iPhone.Build.0 = Release|Any CPU
		{27328EEA-E9C0-4EFA-A1AF-4FFFF4F2902A}.AppStore|iPhone.Deploy.0 = Release|Any CPU
		{27328EEA-E9C0-4EFA-A1AF-4FFFF4F2902A}.AppStore|iPhoneSimulator.ActiveCfg = Release|Any CPU
		{27328EEA-E9C0-4EFA-A1AF-4FFFF4F2902A}.AppStore|iPhoneSimulator.Build.0 = Release|Any CPU
		{27328EEA-E9C0-4EFA-A1AF-4FFFF4F2902A}.AppStore|iPhoneSimulator.Deploy.0 = Release|Any CPU
		{27328EEA-E9C0-4EFA-A1AF-4FFFF4F2902A}.AppStore|x64.ActiveCfg = Release|Any CPU
		{27328EEA-E9C0-4EFA-A1AF-4FFFF4F2902A}.AppStore|x64.Build.0 = Release|Any CPU
		{27328EEA-E9C0-4EFA-A1AF-4FFFF4F2902A}.AppStore|x64.Deploy.0 = Release|Any CPU
		{27328EEA-E9C0-4EFA-A1AF-4FFFF4F2902A}.AppStore|x86.ActiveCfg = Release|Any CPU
		{27328EEA-E9C0-4EFA-A1AF-4FFFF4F2902A}.AppStore|x86.Build.0 = Release|Any CPU
		{27328EEA-E9C0-4EFA-A1AF-4FFFF4F2902A}.AppStore|x86.Deploy.0 = Release|Any CPU
		{27328EEA-E9C0-4EFA-A1AF-4FFFF4F2902A}.Debug|Any CPU.ActiveCfg = Debug|Any CPU
		{27328EEA-E9C0-4EFA-A1AF-4FFFF4F2902A}.Debug|Any CPU.Build.0 = Debug|Any CPU
		{27328EEA-E9C0-4EFA-A1AF-4FFFF4F2902A}.Debug|Any CPU.Deploy.0 = Debug|Any CPU
		{27328EEA-E9C0-4EFA-A1AF-4FFFF4F2902A}.Debug|ARM.ActiveCfg = Debug|Any CPU
		{27328EEA-E9C0-4EFA-A1AF-4FFFF4F2902A}.Debug|ARM.Build.0 = Debug|Any CPU
		{27328EEA-E9C0-4EFA-A1AF-4FFFF4F2902A}.Debug|ARM.Deploy.0 = Debug|Any CPU
		{27328EEA-E9C0-4EFA-A1AF-4FFFF4F2902A}.Debug|iPhone.ActiveCfg = Debug|Any CPU
		{27328EEA-E9C0-4EFA-A1AF-4FFFF4F2902A}.Debug|iPhone.Build.0 = Debug|Any CPU
		{27328EEA-E9C0-4EFA-A1AF-4FFFF4F2902A}.Debug|iPhone.Deploy.0 = Debug|Any CPU
		{27328EEA-E9C0-4EFA-A1AF-4FFFF4F2902A}.Debug|iPhoneSimulator.ActiveCfg = Debug|Any CPU
		{27328EEA-E9C0-4EFA-A1AF-4FFFF4F2902A}.Debug|iPhoneSimulator.Build.0 = Debug|Any CPU
		{27328EEA-E9C0-4EFA-A1AF-4FFFF4F2902A}.Debug|iPhoneSimulator.Deploy.0 = Debug|Any CPU
		{27328EEA-E9C0-4EFA-A1AF-4FFFF4F2902A}.Debug|x64.ActiveCfg = Debug|Any CPU
		{27328EEA-E9C0-4EFA-A1AF-4FFFF4F2902A}.Debug|x64.Build.0 = Debug|Any CPU
		{27328EEA-E9C0-4EFA-A1AF-4FFFF4F2902A}.Debug|x64.Deploy.0 = Debug|Any CPU
		{27328EEA-E9C0-4EFA-A1AF-4FFFF4F2902A}.Debug|x86.ActiveCfg = Debug|Any CPU
		{27328EEA-E9C0-4EFA-A1AF-4FFFF4F2902A}.Debug|x86.Build.0 = Debug|Any CPU
		{27328EEA-E9C0-4EFA-A1AF-4FFFF4F2902A}.Debug|x86.Deploy.0 = Debug|Any CPU
		{27328EEA-E9C0-4EFA-A1AF-4FFFF4F2902A}.Release|Any CPU.ActiveCfg = Release|Any CPU
		{27328EEA-E9C0-4EFA-A1AF-4FFFF4F2902A}.Release|Any CPU.Build.0 = Release|Any CPU
		{27328EEA-E9C0-4EFA-A1AF-4FFFF4F2902A}.Release|Any CPU.Deploy.0 = Release|Any CPU
		{27328EEA-E9C0-4EFA-A1AF-4FFFF4F2902A}.Release|ARM.ActiveCfg = Release|Any CPU
		{27328EEA-E9C0-4EFA-A1AF-4FFFF4F2902A}.Release|ARM.Build.0 = Release|Any CPU
		{27328EEA-E9C0-4EFA-A1AF-4FFFF4F2902A}.Release|ARM.Deploy.0 = Release|Any CPU
		{27328EEA-E9C0-4EFA-A1AF-4FFFF4F2902A}.Release|iPhone.ActiveCfg = Release|Any CPU
		{27328EEA-E9C0-4EFA-A1AF-4FFFF4F2902A}.Release|iPhone.Build.0 = Release|Any CPU
		{27328EEA-E9C0-4EFA-A1AF-4FFFF4F2902A}.Release|iPhone.Deploy.0 = Release|Any CPU
		{27328EEA-E9C0-4EFA-A1AF-4FFFF4F2902A}.Release|iPhoneSimulator.ActiveCfg = Release|Any CPU
		{27328EEA-E9C0-4EFA-A1AF-4FFFF4F2902A}.Release|iPhoneSimulator.Build.0 = Release|Any CPU
		{27328EEA-E9C0-4EFA-A1AF-4FFFF4F2902A}.Release|iPhoneSimulator.Deploy.0 = Release|Any CPU
		{27328EEA-E9C0-4EFA-A1AF-4FFFF4F2902A}.Release|x64.ActiveCfg = Release|Any CPU
		{27328EEA-E9C0-4EFA-A1AF-4FFFF4F2902A}.Release|x64.Build.0 = Release|Any CPU
		{27328EEA-E9C0-4EFA-A1AF-4FFFF4F2902A}.Release|x64.Deploy.0 = Release|Any CPU
		{27328EEA-E9C0-4EFA-A1AF-4FFFF4F2902A}.Release|x86.ActiveCfg = Release|Any CPU
		{27328EEA-E9C0-4EFA-A1AF-4FFFF4F2902A}.Release|x86.Build.0 = Release|Any CPU
		{27328EEA-E9C0-4EFA-A1AF-4FFFF4F2902A}.Release|x86.Deploy.0 = Release|Any CPU
		{D351AD4D-89F5-43DF-9456-64DE7DA52515}.Ad-Hoc|Any CPU.ActiveCfg = Ad-Hoc|iPhone
		{D351AD4D-89F5-43DF-9456-64DE7DA52515}.Ad-Hoc|ARM.ActiveCfg = Ad-Hoc|iPhone
		{D351AD4D-89F5-43DF-9456-64DE7DA52515}.Ad-Hoc|iPhone.ActiveCfg = Ad-Hoc|iPhone
		{D351AD4D-89F5-43DF-9456-64DE7DA52515}.Ad-Hoc|iPhone.Build.0 = Ad-Hoc|iPhone
		{D351AD4D-89F5-43DF-9456-64DE7DA52515}.Ad-Hoc|iPhoneSimulator.ActiveCfg = Ad-Hoc|iPhoneSimulator
		{D351AD4D-89F5-43DF-9456-64DE7DA52515}.Ad-Hoc|iPhoneSimulator.Build.0 = Ad-Hoc|iPhoneSimulator
		{D351AD4D-89F5-43DF-9456-64DE7DA52515}.Ad-Hoc|x64.ActiveCfg = Ad-Hoc|iPhone
		{D351AD4D-89F5-43DF-9456-64DE7DA52515}.Ad-Hoc|x86.ActiveCfg = Ad-Hoc|iPhone
		{D351AD4D-89F5-43DF-9456-64DE7DA52515}.AppStore|Any CPU.ActiveCfg = AppStore|iPhone
		{D351AD4D-89F5-43DF-9456-64DE7DA52515}.AppStore|ARM.ActiveCfg = AppStore|iPhone
		{D351AD4D-89F5-43DF-9456-64DE7DA52515}.AppStore|iPhone.ActiveCfg = AppStore|iPhone
		{D351AD4D-89F5-43DF-9456-64DE7DA52515}.AppStore|iPhone.Build.0 = AppStore|iPhone
		{D351AD4D-89F5-43DF-9456-64DE7DA52515}.AppStore|iPhoneSimulator.ActiveCfg = AppStore|iPhoneSimulator
		{D351AD4D-89F5-43DF-9456-64DE7DA52515}.AppStore|iPhoneSimulator.Build.0 = AppStore|iPhoneSimulator
		{D351AD4D-89F5-43DF-9456-64DE7DA52515}.AppStore|x64.ActiveCfg = AppStore|iPhone
		{D351AD4D-89F5-43DF-9456-64DE7DA52515}.AppStore|x86.ActiveCfg = AppStore|iPhone
		{D351AD4D-89F5-43DF-9456-64DE7DA52515}.Debug|Any CPU.ActiveCfg = Debug|iPhone
		{D351AD4D-89F5-43DF-9456-64DE7DA52515}.Debug|ARM.ActiveCfg = Debug|iPhone
		{D351AD4D-89F5-43DF-9456-64DE7DA52515}.Debug|iPhone.ActiveCfg = Debug|iPhone
		{D351AD4D-89F5-43DF-9456-64DE7DA52515}.Debug|iPhone.Build.0 = Debug|iPhone
		{D351AD4D-89F5-43DF-9456-64DE7DA52515}.Debug|iPhoneSimulator.ActiveCfg = Debug|iPhoneSimulator
		{D351AD4D-89F5-43DF-9456-64DE7DA52515}.Debug|iPhoneSimulator.Build.0 = Debug|iPhoneSimulator
		{D351AD4D-89F5-43DF-9456-64DE7DA52515}.Debug|x64.ActiveCfg = Debug|iPhone
		{D351AD4D-89F5-43DF-9456-64DE7DA52515}.Debug|x86.ActiveCfg = Debug|iPhone
		{D351AD4D-89F5-43DF-9456-64DE7DA52515}.Release|Any CPU.ActiveCfg = Release|iPhone
		{D351AD4D-89F5-43DF-9456-64DE7DA52515}.Release|ARM.ActiveCfg = Release|iPhone
		{D351AD4D-89F5-43DF-9456-64DE7DA52515}.Release|iPhone.ActiveCfg = Release|iPhone
		{D351AD4D-89F5-43DF-9456-64DE7DA52515}.Release|iPhone.Build.0 = Release|iPhone
		{D351AD4D-89F5-43DF-9456-64DE7DA52515}.Release|iPhoneSimulator.ActiveCfg = Release|iPhoneSimulator
		{D351AD4D-89F5-43DF-9456-64DE7DA52515}.Release|iPhoneSimulator.Build.0 = Release|iPhoneSimulator
		{D351AD4D-89F5-43DF-9456-64DE7DA52515}.Release|x64.ActiveCfg = Release|iPhone
		{D351AD4D-89F5-43DF-9456-64DE7DA52515}.Release|x86.ActiveCfg = Release|iPhone
		{0E365B46-DF54-4B5C-B13E-CBBDA79C8FD1}.Ad-Hoc|Any CPU.ActiveCfg = Release|x86
		{0E365B46-DF54-4B5C-B13E-CBBDA79C8FD1}.Ad-Hoc|Any CPU.Build.0 = Release|x86
		{0E365B46-DF54-4B5C-B13E-CBBDA79C8FD1}.Ad-Hoc|Any CPU.Deploy.0 = Release|x86
		{0E365B46-DF54-4B5C-B13E-CBBDA79C8FD1}.Ad-Hoc|ARM.ActiveCfg = Release|ARM
		{0E365B46-DF54-4B5C-B13E-CBBDA79C8FD1}.Ad-Hoc|ARM.Build.0 = Release|ARM
		{0E365B46-DF54-4B5C-B13E-CBBDA79C8FD1}.Ad-Hoc|ARM.Deploy.0 = Release|ARM
		{0E365B46-DF54-4B5C-B13E-CBBDA79C8FD1}.Ad-Hoc|iPhone.ActiveCfg = Release|x86
		{0E365B46-DF54-4B5C-B13E-CBBDA79C8FD1}.Ad-Hoc|iPhone.Build.0 = Release|x86
		{0E365B46-DF54-4B5C-B13E-CBBDA79C8FD1}.Ad-Hoc|iPhone.Deploy.0 = Release|x86
		{0E365B46-DF54-4B5C-B13E-CBBDA79C8FD1}.Ad-Hoc|iPhoneSimulator.ActiveCfg = Release|x86
		{0E365B46-DF54-4B5C-B13E-CBBDA79C8FD1}.Ad-Hoc|iPhoneSimulator.Build.0 = Release|x86
		{0E365B46-DF54-4B5C-B13E-CBBDA79C8FD1}.Ad-Hoc|iPhoneSimulator.Deploy.0 = Release|x86
		{0E365B46-DF54-4B5C-B13E-CBBDA79C8FD1}.Ad-Hoc|x64.ActiveCfg = Release|x64
		{0E365B46-DF54-4B5C-B13E-CBBDA79C8FD1}.Ad-Hoc|x64.Build.0 = Release|x64
		{0E365B46-DF54-4B5C-B13E-CBBDA79C8FD1}.Ad-Hoc|x64.Deploy.0 = Release|x64
		{0E365B46-DF54-4B5C-B13E-CBBDA79C8FD1}.Ad-Hoc|x86.ActiveCfg = Release|x86
		{0E365B46-DF54-4B5C-B13E-CBBDA79C8FD1}.Ad-Hoc|x86.Build.0 = Release|x86
		{0E365B46-DF54-4B5C-B13E-CBBDA79C8FD1}.Ad-Hoc|x86.Deploy.0 = Release|x86
		{0E365B46-DF54-4B5C-B13E-CBBDA79C8FD1}.AppStore|Any CPU.ActiveCfg = Release|x86
		{0E365B46-DF54-4B5C-B13E-CBBDA79C8FD1}.AppStore|Any CPU.Build.0 = Release|x86
		{0E365B46-DF54-4B5C-B13E-CBBDA79C8FD1}.AppStore|Any CPU.Deploy.0 = Release|x86
		{0E365B46-DF54-4B5C-B13E-CBBDA79C8FD1}.AppStore|ARM.ActiveCfg = Release|ARM
		{0E365B46-DF54-4B5C-B13E-CBBDA79C8FD1}.AppStore|ARM.Build.0 = Release|ARM
		{0E365B46-DF54-4B5C-B13E-CBBDA79C8FD1}.AppStore|ARM.Deploy.0 = Release|ARM
		{0E365B46-DF54-4B5C-B13E-CBBDA79C8FD1}.AppStore|iPhone.ActiveCfg = Release|x86
		{0E365B46-DF54-4B5C-B13E-CBBDA79C8FD1}.AppStore|iPhone.Build.0 = Release|x86
		{0E365B46-DF54-4B5C-B13E-CBBDA79C8FD1}.AppStore|iPhone.Deploy.0 = Release|x86
		{0E365B46-DF54-4B5C-B13E-CBBDA79C8FD1}.AppStore|iPhoneSimulator.ActiveCfg = Release|x86
		{0E365B46-DF54-4B5C-B13E-CBBDA79C8FD1}.AppStore|iPhoneSimulator.Build.0 = Release|x86
		{0E365B46-DF54-4B5C-B13E-CBBDA79C8FD1}.AppStore|iPhoneSimulator.Deploy.0 = Release|x86
		{0E365B46-DF54-4B5C-B13E-CBBDA79C8FD1}.AppStore|x64.ActiveCfg = Release|x64
		{0E365B46-DF54-4B5C-B13E-CBBDA79C8FD1}.AppStore|x64.Build.0 = Release|x64
		{0E365B46-DF54-4B5C-B13E-CBBDA79C8FD1}.AppStore|x64.Deploy.0 = Release|x64
		{0E365B46-DF54-4B5C-B13E-CBBDA79C8FD1}.AppStore|x86.ActiveCfg = Release|x86
		{0E365B46-DF54-4B5C-B13E-CBBDA79C8FD1}.AppStore|x86.Build.0 = Release|x86
		{0E365B46-DF54-4B5C-B13E-CBBDA79C8FD1}.AppStore|x86.Deploy.0 = Release|x86
		{0E365B46-DF54-4B5C-B13E-CBBDA79C8FD1}.Debug|Any CPU.ActiveCfg = Debug|x86
		{0E365B46-DF54-4B5C-B13E-CBBDA79C8FD1}.Debug|ARM.ActiveCfg = Debug|ARM
		{0E365B46-DF54-4B5C-B13E-CBBDA79C8FD1}.Debug|ARM.Build.0 = Debug|ARM
		{0E365B46-DF54-4B5C-B13E-CBBDA79C8FD1}.Debug|ARM.Deploy.0 = Debug|ARM
		{0E365B46-DF54-4B5C-B13E-CBBDA79C8FD1}.Debug|iPhone.ActiveCfg = Debug|x86
		{0E365B46-DF54-4B5C-B13E-CBBDA79C8FD1}.Debug|iPhoneSimulator.ActiveCfg = Debug|x86
		{0E365B46-DF54-4B5C-B13E-CBBDA79C8FD1}.Debug|x64.ActiveCfg = Debug|x64
		{0E365B46-DF54-4B5C-B13E-CBBDA79C8FD1}.Debug|x64.Build.0 = Debug|x64
		{0E365B46-DF54-4B5C-B13E-CBBDA79C8FD1}.Debug|x64.Deploy.0 = Debug|x64
		{0E365B46-DF54-4B5C-B13E-CBBDA79C8FD1}.Debug|x86.ActiveCfg = Debug|x86
		{0E365B46-DF54-4B5C-B13E-CBBDA79C8FD1}.Debug|x86.Build.0 = Debug|x86
		{0E365B46-DF54-4B5C-B13E-CBBDA79C8FD1}.Debug|x86.Deploy.0 = Debug|x86
		{0E365B46-DF54-4B5C-B13E-CBBDA79C8FD1}.Release|Any CPU.ActiveCfg = Release|x86
		{0E365B46-DF54-4B5C-B13E-CBBDA79C8FD1}.Release|ARM.ActiveCfg = Release|ARM
		{0E365B46-DF54-4B5C-B13E-CBBDA79C8FD1}.Release|ARM.Build.0 = Release|ARM
		{0E365B46-DF54-4B5C-B13E-CBBDA79C8FD1}.Release|ARM.Deploy.0 = Release|ARM
		{0E365B46-DF54-4B5C-B13E-CBBDA79C8FD1}.Release|iPhone.ActiveCfg = Release|x86
		{0E365B46-DF54-4B5C-B13E-CBBDA79C8FD1}.Release|iPhoneSimulator.ActiveCfg = Release|x86
		{0E365B46-DF54-4B5C-B13E-CBBDA79C8FD1}.Release|x64.ActiveCfg = Release|x64
		{0E365B46-DF54-4B5C-B13E-CBBDA79C8FD1}.Release|x64.Build.0 = Release|x64
		{0E365B46-DF54-4B5C-B13E-CBBDA79C8FD1}.Release|x64.Deploy.0 = Release|x64
		{0E365B46-DF54-4B5C-B13E-CBBDA79C8FD1}.Release|x86.ActiveCfg = Release|x86
		{0E365B46-DF54-4B5C-B13E-CBBDA79C8FD1}.Release|x86.Build.0 = Release|x86
		{0E365B46-DF54-4B5C-B13E-CBBDA79C8FD1}.Release|x86.Deploy.0 = Release|x86
		{90F01249-9BE3-4479-A521-E3333FD71A01}.Ad-Hoc|Any CPU.ActiveCfg = Release|Any CPU
		{90F01249-9BE3-4479-A521-E3333FD71A01}.Ad-Hoc|Any CPU.Build.0 = Release|Any CPU
		{90F01249-9BE3-4479-A521-E3333FD71A01}.Ad-Hoc|ARM.ActiveCfg = Release|Any CPU
		{90F01249-9BE3-4479-A521-E3333FD71A01}.Ad-Hoc|ARM.Build.0 = Release|Any CPU
		{90F01249-9BE3-4479-A521-E3333FD71A01}.Ad-Hoc|iPhone.ActiveCfg = Release|Any CPU
		{90F01249-9BE3-4479-A521-E3333FD71A01}.Ad-Hoc|iPhone.Build.0 = Release|Any CPU
		{90F01249-9BE3-4479-A521-E3333FD71A01}.Ad-Hoc|iPhoneSimulator.ActiveCfg = Release|Any CPU
		{90F01249-9BE3-4479-A521-E3333FD71A01}.Ad-Hoc|iPhoneSimulator.Build.0 = Release|Any CPU
		{90F01249-9BE3-4479-A521-E3333FD71A01}.Ad-Hoc|x64.ActiveCfg = Release|Any CPU
		{90F01249-9BE3-4479-A521-E3333FD71A01}.Ad-Hoc|x64.Build.0 = Release|Any CPU
		{90F01249-9BE3-4479-A521-E3333FD71A01}.Ad-Hoc|x86.ActiveCfg = Release|Any CPU
		{90F01249-9BE3-4479-A521-E3333FD71A01}.Ad-Hoc|x86.Build.0 = Release|Any CPU
		{90F01249-9BE3-4479-A521-E3333FD71A01}.AppStore|Any CPU.ActiveCfg = Release|Any CPU
		{90F01249-9BE3-4479-A521-E3333FD71A01}.AppStore|Any CPU.Build.0 = Release|Any CPU
		{90F01249-9BE3-4479-A521-E3333FD71A01}.AppStore|ARM.ActiveCfg = Release|Any CPU
		{90F01249-9BE3-4479-A521-E3333FD71A01}.AppStore|ARM.Build.0 = Release|Any CPU
		{90F01249-9BE3-4479-A521-E3333FD71A01}.AppStore|iPhone.ActiveCfg = Release|Any CPU
		{90F01249-9BE3-4479-A521-E3333FD71A01}.AppStore|iPhone.Build.0 = Release|Any CPU
		{90F01249-9BE3-4479-A521-E3333FD71A01}.AppStore|iPhoneSimulator.ActiveCfg = Release|Any CPU
		{90F01249-9BE3-4479-A521-E3333FD71A01}.AppStore|iPhoneSimulator.Build.0 = Release|Any CPU
		{90F01249-9BE3-4479-A521-E3333FD71A01}.AppStore|x64.ActiveCfg = Release|Any CPU
		{90F01249-9BE3-4479-A521-E3333FD71A01}.AppStore|x64.Build.0 = Release|Any CPU
		{90F01249-9BE3-4479-A521-E3333FD71A01}.AppStore|x86.ActiveCfg = Release|Any CPU
		{90F01249-9BE3-4479-A521-E3333FD71A01}.AppStore|x86.Build.0 = Release|Any CPU
		{90F01249-9BE3-4479-A521-E3333FD71A01}.Debug|Any CPU.ActiveCfg = Debug|Any CPU
		{90F01249-9BE3-4479-A521-E3333FD71A01}.Debug|Any CPU.Build.0 = Debug|Any CPU
		{90F01249-9BE3-4479-A521-E3333FD71A01}.Debug|ARM.ActiveCfg = Debug|Any CPU
		{90F01249-9BE3-4479-A521-E3333FD71A01}.Debug|ARM.Build.0 = Debug|Any CPU
		{90F01249-9BE3-4479-A521-E3333FD71A01}.Debug|iPhone.ActiveCfg = Debug|Any CPU
		{90F01249-9BE3-4479-A521-E3333FD71A01}.Debug|iPhone.Build.0 = Debug|Any CPU
		{90F01249-9BE3-4479-A521-E3333FD71A01}.Debug|iPhoneSimulator.ActiveCfg = Debug|Any CPU
		{90F01249-9BE3-4479-A521-E3333FD71A01}.Debug|iPhoneSimulator.Build.0 = Debug|Any CPU
		{90F01249-9BE3-4479-A521-E3333FD71A01}.Debug|x64.ActiveCfg = Debug|Any CPU
		{90F01249-9BE3-4479-A521-E3333FD71A01}.Debug|x64.Build.0 = Debug|Any CPU
		{90F01249-9BE3-4479-A521-E3333FD71A01}.Debug|x86.ActiveCfg = Debug|Any CPU
		{90F01249-9BE3-4479-A521-E3333FD71A01}.Debug|x86.Build.0 = Debug|Any CPU
		{90F01249-9BE3-4479-A521-E3333FD71A01}.Release|Any CPU.ActiveCfg = Release|Any CPU
		{90F01249-9BE3-4479-A521-E3333FD71A01}.Release|Any CPU.Build.0 = Release|Any CPU
		{90F01249-9BE3-4479-A521-E3333FD71A01}.Release|ARM.ActiveCfg = Release|Any CPU
		{90F01249-9BE3-4479-A521-E3333FD71A01}.Release|ARM.Build.0 = Release|Any CPU
		{90F01249-9BE3-4479-A521-E3333FD71A01}.Release|iPhone.ActiveCfg = Release|Any CPU
		{90F01249-9BE3-4479-A521-E3333FD71A01}.Release|iPhone.Build.0 = Release|Any CPU
		{90F01249-9BE3-4479-A521-E3333FD71A01}.Release|iPhoneSimulator.ActiveCfg = Release|Any CPU
		{90F01249-9BE3-4479-A521-E3333FD71A01}.Release|iPhoneSimulator.Build.0 = Release|Any CPU
		{90F01249-9BE3-4479-A521-E3333FD71A01}.Release|x64.ActiveCfg = Release|Any CPU
		{90F01249-9BE3-4479-A521-E3333FD71A01}.Release|x64.Build.0 = Release|Any CPU
		{90F01249-9BE3-4479-A521-E3333FD71A01}.Release|x86.ActiveCfg = Release|Any CPU
		{90F01249-9BE3-4479-A521-E3333FD71A01}.Release|x86.Build.0 = Release|Any CPU
		{67F9D3A8-F71E-4428-913F-C37AE82CDB24}.Ad-Hoc|Any CPU.ActiveCfg = Release|Any CPU
		{67F9D3A8-F71E-4428-913F-C37AE82CDB24}.Ad-Hoc|Any CPU.Build.0 = Release|Any CPU
		{67F9D3A8-F71E-4428-913F-C37AE82CDB24}.Ad-Hoc|ARM.ActiveCfg = Release|Any CPU
		{67F9D3A8-F71E-4428-913F-C37AE82CDB24}.Ad-Hoc|ARM.Build.0 = Release|Any CPU
		{67F9D3A8-F71E-4428-913F-C37AE82CDB24}.Ad-Hoc|iPhone.ActiveCfg = Release|Any CPU
		{67F9D3A8-F71E-4428-913F-C37AE82CDB24}.Ad-Hoc|iPhone.Build.0 = Release|Any CPU
		{67F9D3A8-F71E-4428-913F-C37AE82CDB24}.Ad-Hoc|iPhoneSimulator.ActiveCfg = Release|Any CPU
		{67F9D3A8-F71E-4428-913F-C37AE82CDB24}.Ad-Hoc|iPhoneSimulator.Build.0 = Release|Any CPU
		{67F9D3A8-F71E-4428-913F-C37AE82CDB24}.Ad-Hoc|x64.ActiveCfg = Release|Any CPU
		{67F9D3A8-F71E-4428-913F-C37AE82CDB24}.Ad-Hoc|x64.Build.0 = Release|Any CPU
		{67F9D3A8-F71E-4428-913F-C37AE82CDB24}.Ad-Hoc|x86.ActiveCfg = Release|Any CPU
		{67F9D3A8-F71E-4428-913F-C37AE82CDB24}.Ad-Hoc|x86.Build.0 = Release|Any CPU
		{67F9D3A8-F71E-4428-913F-C37AE82CDB24}.AppStore|Any CPU.ActiveCfg = Release|Any CPU
		{67F9D3A8-F71E-4428-913F-C37AE82CDB24}.AppStore|Any CPU.Build.0 = Release|Any CPU
		{67F9D3A8-F71E-4428-913F-C37AE82CDB24}.AppStore|ARM.ActiveCfg = Release|Any CPU
		{67F9D3A8-F71E-4428-913F-C37AE82CDB24}.AppStore|ARM.Build.0 = Release|Any CPU
		{67F9D3A8-F71E-4428-913F-C37AE82CDB24}.AppStore|iPhone.ActiveCfg = Release|Any CPU
		{67F9D3A8-F71E-4428-913F-C37AE82CDB24}.AppStore|iPhone.Build.0 = Release|Any CPU
		{67F9D3A8-F71E-4428-913F-C37AE82CDB24}.AppStore|iPhoneSimulator.ActiveCfg = Release|Any CPU
		{67F9D3A8-F71E-4428-913F-C37AE82CDB24}.AppStore|iPhoneSimulator.Build.0 = Release|Any CPU
		{67F9D3A8-F71E-4428-913F-C37AE82CDB24}.AppStore|x64.ActiveCfg = Release|Any CPU
		{67F9D3A8-F71E-4428-913F-C37AE82CDB24}.AppStore|x64.Build.0 = Release|Any CPU
		{67F9D3A8-F71E-4428-913F-C37AE82CDB24}.AppStore|x86.ActiveCfg = Release|Any CPU
		{67F9D3A8-F71E-4428-913F-C37AE82CDB24}.AppStore|x86.Build.0 = Release|Any CPU
		{67F9D3A8-F71E-4428-913F-C37AE82CDB24}.Debug|Any CPU.ActiveCfg = Debug|Any CPU
		{67F9D3A8-F71E-4428-913F-C37AE82CDB24}.Debug|Any CPU.Build.0 = Debug|Any CPU
		{67F9D3A8-F71E-4428-913F-C37AE82CDB24}.Debug|ARM.ActiveCfg = Debug|Any CPU
		{67F9D3A8-F71E-4428-913F-C37AE82CDB24}.Debug|ARM.Build.0 = Debug|Any CPU
		{67F9D3A8-F71E-4428-913F-C37AE82CDB24}.Debug|iPhone.ActiveCfg = Debug|Any CPU
		{67F9D3A8-F71E-4428-913F-C37AE82CDB24}.Debug|iPhone.Build.0 = Debug|Any CPU
		{67F9D3A8-F71E-4428-913F-C37AE82CDB24}.Debug|iPhoneSimulator.ActiveCfg = Debug|Any CPU
		{67F9D3A8-F71E-4428-913F-C37AE82CDB24}.Debug|iPhoneSimulator.Build.0 = Debug|Any CPU
		{67F9D3A8-F71E-4428-913F-C37AE82CDB24}.Debug|x64.ActiveCfg = Debug|Any CPU
		{67F9D3A8-F71E-4428-913F-C37AE82CDB24}.Debug|x64.Build.0 = Debug|Any CPU
		{67F9D3A8-F71E-4428-913F-C37AE82CDB24}.Debug|x86.ActiveCfg = Debug|Any CPU
		{67F9D3A8-F71E-4428-913F-C37AE82CDB24}.Debug|x86.Build.0 = Debug|Any CPU
		{67F9D3A8-F71E-4428-913F-C37AE82CDB24}.Release|Any CPU.ActiveCfg = Release|Any CPU
		{67F9D3A8-F71E-4428-913F-C37AE82CDB24}.Release|Any CPU.Build.0 = Release|Any CPU
		{67F9D3A8-F71E-4428-913F-C37AE82CDB24}.Release|ARM.ActiveCfg = Release|Any CPU
		{67F9D3A8-F71E-4428-913F-C37AE82CDB24}.Release|ARM.Build.0 = Release|Any CPU
		{67F9D3A8-F71E-4428-913F-C37AE82CDB24}.Release|iPhone.ActiveCfg = Release|Any CPU
		{67F9D3A8-F71E-4428-913F-C37AE82CDB24}.Release|iPhone.Build.0 = Release|Any CPU
		{67F9D3A8-F71E-4428-913F-C37AE82CDB24}.Release|iPhoneSimulator.ActiveCfg = Release|Any CPU
		{67F9D3A8-F71E-4428-913F-C37AE82CDB24}.Release|iPhoneSimulator.Build.0 = Release|Any CPU
		{67F9D3A8-F71E-4428-913F-C37AE82CDB24}.Release|x64.ActiveCfg = Release|Any CPU
		{67F9D3A8-F71E-4428-913F-C37AE82CDB24}.Release|x64.Build.0 = Release|Any CPU
		{67F9D3A8-F71E-4428-913F-C37AE82CDB24}.Release|x86.ActiveCfg = Release|Any CPU
		{67F9D3A8-F71E-4428-913F-C37AE82CDB24}.Release|x86.Build.0 = Release|Any CPU
		{3FBA4C86-4E0A-4AF6-9A47-D271D3DBA5FB}.Ad-Hoc|Any CPU.ActiveCfg = Release|Any CPU
		{3FBA4C86-4E0A-4AF6-9A47-D271D3DBA5FB}.Ad-Hoc|Any CPU.Build.0 = Release|Any CPU
		{3FBA4C86-4E0A-4AF6-9A47-D271D3DBA5FB}.Ad-Hoc|ARM.ActiveCfg = Release|Any CPU
		{3FBA4C86-4E0A-4AF6-9A47-D271D3DBA5FB}.Ad-Hoc|ARM.Build.0 = Release|Any CPU
		{3FBA4C86-4E0A-4AF6-9A47-D271D3DBA5FB}.Ad-Hoc|iPhone.ActiveCfg = Release|Any CPU
		{3FBA4C86-4E0A-4AF6-9A47-D271D3DBA5FB}.Ad-Hoc|iPhone.Build.0 = Release|Any CPU
		{3FBA4C86-4E0A-4AF6-9A47-D271D3DBA5FB}.Ad-Hoc|iPhoneSimulator.ActiveCfg = Release|Any CPU
		{3FBA4C86-4E0A-4AF6-9A47-D271D3DBA5FB}.Ad-Hoc|iPhoneSimulator.Build.0 = Release|Any CPU
		{3FBA4C86-4E0A-4AF6-9A47-D271D3DBA5FB}.Ad-Hoc|x64.ActiveCfg = Release|Any CPU
		{3FBA4C86-4E0A-4AF6-9A47-D271D3DBA5FB}.Ad-Hoc|x64.Build.0 = Release|Any CPU
		{3FBA4C86-4E0A-4AF6-9A47-D271D3DBA5FB}.Ad-Hoc|x86.ActiveCfg = Release|Any CPU
		{3FBA4C86-4E0A-4AF6-9A47-D271D3DBA5FB}.Ad-Hoc|x86.Build.0 = Release|Any CPU
		{3FBA4C86-4E0A-4AF6-9A47-D271D3DBA5FB}.AppStore|Any CPU.ActiveCfg = Release|Any CPU
		{3FBA4C86-4E0A-4AF6-9A47-D271D3DBA5FB}.AppStore|Any CPU.Build.0 = Release|Any CPU
		{3FBA4C86-4E0A-4AF6-9A47-D271D3DBA5FB}.AppStore|ARM.ActiveCfg = Release|Any CPU
		{3FBA4C86-4E0A-4AF6-9A47-D271D3DBA5FB}.AppStore|ARM.Build.0 = Release|Any CPU
		{3FBA4C86-4E0A-4AF6-9A47-D271D3DBA5FB}.AppStore|iPhone.ActiveCfg = Release|Any CPU
		{3FBA4C86-4E0A-4AF6-9A47-D271D3DBA5FB}.AppStore|iPhone.Build.0 = Release|Any CPU
		{3FBA4C86-4E0A-4AF6-9A47-D271D3DBA5FB}.AppStore|iPhoneSimulator.ActiveCfg = Release|Any CPU
		{3FBA4C86-4E0A-4AF6-9A47-D271D3DBA5FB}.AppStore|iPhoneSimulator.Build.0 = Release|Any CPU
		{3FBA4C86-4E0A-4AF6-9A47-D271D3DBA5FB}.AppStore|x64.ActiveCfg = Release|Any CPU
		{3FBA4C86-4E0A-4AF6-9A47-D271D3DBA5FB}.AppStore|x64.Build.0 = Release|Any CPU
		{3FBA4C86-4E0A-4AF6-9A47-D271D3DBA5FB}.AppStore|x86.ActiveCfg = Release|Any CPU
		{3FBA4C86-4E0A-4AF6-9A47-D271D3DBA5FB}.AppStore|x86.Build.0 = Release|Any CPU
		{3FBA4C86-4E0A-4AF6-9A47-D271D3DBA5FB}.Debug|Any CPU.ActiveCfg = Debug|Any CPU
		{3FBA4C86-4E0A-4AF6-9A47-D271D3DBA5FB}.Debug|Any CPU.Build.0 = Debug|Any CPU
		{3FBA4C86-4E0A-4AF6-9A47-D271D3DBA5FB}.Debug|ARM.ActiveCfg = Debug|Any CPU
		{3FBA4C86-4E0A-4AF6-9A47-D271D3DBA5FB}.Debug|ARM.Build.0 = Debug|Any CPU
		{3FBA4C86-4E0A-4AF6-9A47-D271D3DBA5FB}.Debug|iPhone.ActiveCfg = Debug|Any CPU
		{3FBA4C86-4E0A-4AF6-9A47-D271D3DBA5FB}.Debug|iPhone.Build.0 = Debug|Any CPU
		{3FBA4C86-4E0A-4AF6-9A47-D271D3DBA5FB}.Debug|iPhoneSimulator.ActiveCfg = Debug|Any CPU
		{3FBA4C86-4E0A-4AF6-9A47-D271D3DBA5FB}.Debug|iPhoneSimulator.Build.0 = Debug|Any CPU
		{3FBA4C86-4E0A-4AF6-9A47-D271D3DBA5FB}.Debug|x64.ActiveCfg = Debug|Any CPU
		{3FBA4C86-4E0A-4AF6-9A47-D271D3DBA5FB}.Debug|x64.Build.0 = Debug|Any CPU
		{3FBA4C86-4E0A-4AF6-9A47-D271D3DBA5FB}.Debug|x86.ActiveCfg = Debug|Any CPU
		{3FBA4C86-4E0A-4AF6-9A47-D271D3DBA5FB}.Debug|x86.Build.0 = Debug|Any CPU
		{3FBA4C86-4E0A-4AF6-9A47-D271D3DBA5FB}.Release|Any CPU.ActiveCfg = Release|Any CPU
		{3FBA4C86-4E0A-4AF6-9A47-D271D3DBA5FB}.Release|Any CPU.Build.0 = Release|Any CPU
		{3FBA4C86-4E0A-4AF6-9A47-D271D3DBA5FB}.Release|ARM.ActiveCfg = Release|Any CPU
		{3FBA4C86-4E0A-4AF6-9A47-D271D3DBA5FB}.Release|ARM.Build.0 = Release|Any CPU
		{3FBA4C86-4E0A-4AF6-9A47-D271D3DBA5FB}.Release|iPhone.ActiveCfg = Release|Any CPU
		{3FBA4C86-4E0A-4AF6-9A47-D271D3DBA5FB}.Release|iPhone.Build.0 = Release|Any CPU
		{3FBA4C86-4E0A-4AF6-9A47-D271D3DBA5FB}.Release|iPhoneSimulator.ActiveCfg = Release|Any CPU
		{3FBA4C86-4E0A-4AF6-9A47-D271D3DBA5FB}.Release|iPhoneSimulator.Build.0 = Release|Any CPU
		{3FBA4C86-4E0A-4AF6-9A47-D271D3DBA5FB}.Release|x64.ActiveCfg = Release|Any CPU
		{3FBA4C86-4E0A-4AF6-9A47-D271D3DBA5FB}.Release|x64.Build.0 = Release|Any CPU
		{3FBA4C86-4E0A-4AF6-9A47-D271D3DBA5FB}.Release|x86.ActiveCfg = Release|Any CPU
		{3FBA4C86-4E0A-4AF6-9A47-D271D3DBA5FB}.Release|x86.Build.0 = Release|Any CPU
	EndGlobalSection
	GlobalSection(SolutionProperties) = preSolution
		HideSolutionNode = FALSE
	EndGlobalSection
EndGlobal
